# This file is automatically @generated by Cargo.
# It is not intended for manual editing.
version = 3

[[package]]
name = "log"
version = "0.4.22"
source = "registry+https://github.com/rust-lang/crates.io-index"
checksum = "a7a70ba024b9dc04c27ea2f0c0548feb474ec5c54bba33a7f72f873a39d07b24"

[[package]]
name = "test_program_rust"
version = "0.1.0"
dependencies = [
 "log",
 "win_dbg_logger",
]

[[package]]
name = "win_dbg_logger"
version = "0.1.0"
source = "registry+https://github.com/rust-lang/crates.io-index"
checksum = "7d1b4c22244dc27534d81e2f6fc3efd6b20e50c010f177efc20b719ec759a779"
dependencies = [
 "log",
]
